
Microsoft Visual Studio Solution File, Format Version 10.00
# Visual Studio 2008
Project("{8BC9CEB8-8B4A-11D0-8D11-00A0C91BC942}") = "ER随即图生成程序", "ER随即图生成程序\ER随即图生成程序.vcproj", "{484B0670-AA8A-43AD-9931-6CC8E2C4EC4F}"
EndProject
Global
	GlobalSection(SolutionConfigurationPlatforms) = preSolution
		Debug|Win32 = Debug|Win32
		Release|Win32 = Release|Win32
	EndGlobalSection
	GlobalSection(ProjectConfigurationPlatforms) = postSolution
		{484B0670-AA8A-43AD-9931-6CC8E2C4EC4F}.Debug|Win32.ActiveCfg = Debug|Win32
		{484B0670-AA8A-43AD-9931-6CC8E2C4EC4F}.Debug|Win32.Build.0 = Debug|Win32
		{484B0670-AA8A-43AD-9931-6CC8E2C4EC4F}.Release|Win32.ActiveCfg = Release|Win32
		{484B0670-AA8A-43AD-9931-6CC8E2C4EC4F}.Release|Win32.Build.0 = Release|Win32
	EndGlobalSection
	GlobalSection(SolutionProperties) = preSolution
		HideSolutionNode = FALSE
	EndGlobalSection
EndGlobal
